
Microsoft Visual Studio Solution File, Format Version 12.00
# Visual Studio 2015
Project("{FAE04EC0-301F-11D3-BF4B-00C04F79EFBC}") = "CloudBuildInvestigation.CSharp", "CloudBuildInvestigation.CSharp.csproj", "{ABD90497-6423-88E3-84FD-710825AAB6D7}"
EndProject
Project("{FAE04EC0-301F-11D3-BF4B-00C04F79EFBC}") = "CloudBuildInvestigation.CSharp.Editor", "CloudBuildInvestigation.CSharp.Editor.csproj", "{C0858AE8-EA6C-6AAA-4B71-A4889A9A3CFC}"
EndProject
Global
	GlobalSection(SolutionConfigurationPlatforms) = preSolution
		Debug|Any CPU = Debug|Any CPU
		Release|Any CPU = Release|Any CPU
	EndGlobalSection
	GlobalSection(ProjectConfigurationPlatforms) = postSolution
		{ABD90497-6423-88E3-84FD-710825AAB6D7}.Debug|Any CPU.ActiveCfg = Debug|Any CPU
		{ABD90497-6423-88E3-84FD-710825AAB6D7}.Debug|Any CPU.Build.0 = Debug|Any CPU
		{ABD90497-6423-88E3-84FD-710825AAB6D7}.Release|Any CPU.ActiveCfg = Release|Any CPU
		{ABD90497-6423-88E3-84FD-710825AAB6D7}.Release|Any CPU.Build.0 = Release|Any CPU
		{C0858AE8-EA6C-6AAA-4B71-A4889A9A3CFC}.Debug|Any CPU.ActiveCfg = Debug|Any CPU
		{C0858AE8-EA6C-6AAA-4B71-A4889A9A3CFC}.Debug|Any CPU.Build.0 = Debug|Any CPU
		{C0858AE8-EA6C-6AAA-4B71-A4889A9A3CFC}.Release|Any CPU.ActiveCfg = Release|Any CPU
		{C0858AE8-EA6C-6AAA-4B71-A4889A9A3CFC}.Release|Any CPU.Build.0 = Release|Any CPU
	EndGlobalSection
	GlobalSection(SolutionProperties) = preSolution
		HideSolutionNode = FALSE
	EndGlobalSection
EndGlobal
